
Microsoft Visual Studio Solution File, Format Version 12.00
# Visual Studio Version 17
VisualStudioVersion = 17.6.33801.468
MinimumVisualStudioVersion = 10.0.40219.1
Project("{FAE04EC0-301F-11D3-BF4B-00C04F79EFBC}") = "Liga", "Liga\Liga.csproj", "{93BEFB40-D1BE-44E3-9DBA-D71FF5377589}"
EndProject
Project("{FAE04EC0-301F-11D3-BF4B-00C04F79EFBC}") = "Front", "Front\Front.csproj", "{9D5E18E5-DD0E-47EB-B30C-9FAE3B429104}"
EndProject
Global
	GlobalSection(SolutionConfigurationPlatforms) = preSolution
		Debug|Any CPU = Debug|Any CPU
		Release|Any CPU = Release|Any CPU
	EndGlobalSection
	GlobalSection(ProjectConfigurationPlatforms) = postSolution
		{93BEFB40-D1BE-44E3-9DBA-D71FF5377589}.Debug|Any CPU.ActiveCfg = Debug|Any CPU
		{93BEFB40-D1BE-44E3-9DBA-D71FF5377589}.Debug|Any CPU.Build.0 = Debug|Any CPU
		{93BEFB40-D1BE-44E3-9DBA-D71FF5377589}.Release|Any CPU.ActiveCfg = Release|Any CPU
		{93BEFB40-D1BE-44E3-9DBA-D71FF5377589}.Release|Any CPU.Build.0 = Release|Any CPU
		{9D5E18E5-DD0E-47EB-B30C-9FAE3B429104}.Debug|Any CPU.ActiveCfg = Debug|Any CPU
		{9D5E18E5-DD0E-47EB-B30C-9FAE3B429104}.Debug|Any CPU.Build.0 = Debug|Any CPU
		{9D5E18E5-DD0E-47EB-B30C-9FAE3B429104}.Release|Any CPU.ActiveCfg = Release|Any CPU
		{9D5E18E5-DD0E-47EB-B30C-9FAE3B429104}.Release|Any CPU.Build.0 = Release|Any CPU
	EndGlobalSection
	GlobalSection(SolutionProperties) = preSolution
		HideSolutionNode = FALSE
	EndGlobalSection
	GlobalSection(ExtensibilityGlobals) = postSolution
		SolutionGuid = {02E82971-77F3-4F1C-BDB4-98BF671A7736}
	EndGlobalSection
EndGlobal
